
Microsoft Visual Studio Solution File, Format Version 12.00
# Visual Studio 15
VisualStudioVersion = 15.0.26730.16
MinimumVisualStudioVersion = 10.0.40219.1
Project("{FAE04EC0-301F-11D3-BF4B-00C04F79EFBC}") = "VInspectionWebService", "VInspectionWebService\VInspectionWebService.csproj", "{BE50B394-329E-4BCD-863B-6D92B833C920}"
EndProject
Global
	GlobalSection(SolutionConfigurationPlatforms) = preSolution
		Debug|Any CPU = Debug|Any CPU
		Release|Any CPU = Release|Any CPU
	EndGlobalSection
	GlobalSection(ProjectConfigurationPlatforms) = postSolution
		{BE50B394-329E-4BCD-863B-6D92B833C920}.Debug|Any CPU.ActiveCfg = Debug|Any CPU
		{BE50B394-329E-4BCD-863B-6D92B833C920}.Debug|Any CPU.Build.0 = Debug|Any CPU
		{BE50B394-329E-4BCD-863B-6D92B833C920}.Release|Any CPU.ActiveCfg = Release|Any CPU
		{BE50B394-329E-4BCD-863B-6D92B833C920}.Release|Any CPU.Build.0 = Release|Any CPU
	EndGlobalSection
	GlobalSection(SolutionProperties) = preSolution
		HideSolutionNode = FALSE
	EndGlobalSection
	GlobalSection(ExtensibilityGlobals) = postSolution
		SolutionGuid = {55ACAF5A-2A95-4ABF-9810-C3133C5BD76C}
	EndGlobalSection
EndGlobal
